// !$*UTF8*$!
{
	archiveVersion = 1;
	classes = {
	};
	objectVersion = 50;
	objects = {

/* Begin PBXBuildFile section */
		B096AFE325139E4B00A9BA58 /* Double+RoundedToPlaces.swift in Sources */ = {isa = PBXBuildFile; fileRef = B096AFE225139E4B00A9BA58 /* Double+RoundedToPlaces.swift */; };
		B096AFE525139E9100A9BA58 /* CLLocationDistance+HumanReadable.swift in Sources */ = {isa = PBXBuildFile; fileRef = B096AFE425139E9100A9BA58 /* CLLocationDistance+HumanReadable.swift */; };
		B0AB17CD250FFCF300746C3C /* SearchSuggestionsViewController.swift in Sources */ = {isa = PBXBuildFile; fileRef = B0AB17CC250FFCF300746C3C /* SearchSuggestionsViewController.swift */; };
		B0AB17CF251003B700746C3C /* ListingDetailViewController.swift in Sources */ = {isa = PBXBuildFile; fileRef = B0AB17CE251003B700746C3C /* ListingDetailViewController.swift */; };
		B0AB17D42512603900746C3C /* ListingTableViewCell.swift in Sources */ = {isa = PBXBuildFile; fileRef = B0AB17D32512603900746C3C /* ListingTableViewCell.swift */; };
		B0FB41D724EDAEAC00619CD4 /* AppDelegate.swift in Sources */ = {isa = PBXBuildFile; fileRef = B0FB41D624EDAEAC00619CD4 /* AppDelegate.swift */; };
		B0FB41D924EDAEAC00619CD4 /* SceneDelegate.swift in Sources */ = {isa = PBXBuildFile; fileRef = B0FB41D824EDAEAC00619CD4 /* SceneDelegate.swift */; };
		B0FB41DB24EDAEAC00619CD4 /* ListingResultsViewController.swift in Sources */ = {isa = PBXBuildFile; fileRef = B0FB41DA24EDAEAC00619CD4 /* ListingResultsViewController.swift */; };
		B0FB41DE24EDAEAC00619CD4 /* Main.storyboard in Resources */ = {isa = PBXBuildFile; fileRef = B0FB41DC24EDAEAC00619CD4 /* Main.storyboard */; };
		B0FB41E024EDAEAE00619CD4 /* Assets.xcassets in Resources */ = {isa = PBXBuildFile; fileRef = B0FB41DF24EDAEAE00619CD4 /* Assets.xcassets */; };
		B0FB41E324EDAEAE00619CD4 /* LaunchScreen.storyboard in Resources */ = {isa = PBXBuildFile; fileRef = B0FB41E124EDAEAE00619CD4 /* LaunchScreen.storyboard */; };
		B0FB41EE24EDAEAF00619CD4 /* Listed_Near_MeTests.swift in Sources */ = {isa = PBXBuildFile; fileRef = B0FB41ED24EDAEAF00619CD4 /* Listed_Near_MeTests.swift */; };
		B0FB41F924EDAEAF00619CD4 /* Listed_Near_MeUITests.swift in Sources */ = {isa = PBXBuildFile; fileRef = B0FB41F824EDAEAF00619CD4 /* Listed_Near_MeUITests.swift */; };
		B0FB420724EDAFD400619CD4 /* ListingsAPI.swift in Sources */ = {isa = PBXBuildFile; fileRef = B0FB420624EDAFD400619CD4 /* ListingsAPI.swift */; };
		B0FB420924EDB00200619CD4 /* Listing.swift in Sources */ = {isa = PBXBuildFile; fileRef = B0FB420824EDB00200619CD4 /* Listing.swift */; };
		B0FB420C24EDB04600619CD4 /* Location.swift in Sources */ = {isa = PBXBuildFile; fileRef = B0FB420B24EDB04600619CD4 /* Location.swift */; };
		B0FB420E24EDB06D00619CD4 /* Grade.swift in Sources */ = {isa = PBXBuildFile; fileRef = B0FB420D24EDB06D00619CD4 /* Grade.swift */; };
/* End PBXBuildFile section */

/* Begin PBXContainerItemProxy section */
		B0FB41EA24EDAEAF00619CD4 /* PBXContainerItemProxy */ = {
			isa = PBXContainerItemProxy;
			containerPortal = B0FB41CB24EDAEAC00619CD4 /* Project object */;
			proxyType = 1;
			remoteGlobalIDString = B0FB41D224EDAEAC00619CD4;
			remoteInfo = "Listed Near Me";
		};
		B0FB41F524EDAEAF00619CD4 /* PBXContainerItemProxy */ = {
			isa = PBXContainerItemProxy;
			containerPortal = B0FB41CB24EDAEAC00619CD4 /* Project object */;
			proxyType = 1;
			remoteGlobalIDString = B0FB41D224EDAEAC00619CD4;
			remoteInfo = "Listed Near Me";
		};
/* End PBXContainerItemProxy section */

/* Begin PBXFileReference section */
		B096AFE225139E4B00A9BA58 /* Double+RoundedToPlaces.swift */ = {isa = PBXFileReference; lastKnownFileType = sourcecode.swift; path = "Double+RoundedToPlaces.swift"; sourceTree = "<group>"; };
		B096AFE425139E9100A9BA58 /* CLLocationDistance+HumanReadable.swift */ = {isa = PBXFileReference; lastKnownFileType = sourcecode.swift; name = "CLLocationDistance+HumanReadable.swift"; path = "Listed Near Me/CLLocationDistance+HumanReadable.swift"; sourceTree = SOURCE_ROOT; };
		B0AB17CC250FFCF300746C3C /* SearchSuggestionsViewController.swift */ = {isa = PBXFileReference; lastKnownFileType = sourcecode.swift; path = SearchSuggestionsViewController.swift; sourceTree = "<group>"; };
		B0AB17CE251003B700746C3C /* ListingDetailViewController.swift */ = {isa = PBXFileReference; lastKnownFileType = sourcecode.swift; path = ListingDetailViewController.swift; sourceTree = "<group>"; };
		B0AB17D32512603900746C3C /* ListingTableViewCell.swift */ = {isa = PBXFileReference; lastKnownFileType = sourcecode.swift; path = ListingTableViewCell.swift; sourceTree = "<group>"; };
		B0FB41D324EDAEAC00619CD4 /* Listed Near Me.app */ = {isa = PBXFileReference; explicitFileType = wrapper.application; includeInIndex = 0; path = "Listed Near Me.app"; sourceTree = BUILT_PRODUCTS_DIR; };
		B0FB41D624EDAEAC00619CD4 /* AppDelegate.swift */ = {isa = PBXFileReference; lastKnownFileType = sourcecode.swift; path = AppDelegate.swift; sourceTree = "<group>"; };
		B0FB41D824EDAEAC00619CD4 /* SceneDelegate.swift */ = {isa = PBXFileReference; lastKnownFileType = sourcecode.swift; path = SceneDelegate.swift; sourceTree = "<group>"; };
		B0FB41DA24EDAEAC00619CD4 /* ListingResultsViewController.swift */ = {isa = PBXFileReference; lastKnownFileType = sourcecode.swift; path = ListingResultsViewController.swift; sourceTree = "<group>"; };
		B0FB41DD24EDAEAC00619CD4 /* Base */ = {isa = PBXFileReference; lastKnownFileType = file.storyboard; name = Base; path = Base.lproj/Main.storyboard; sourceTree = "<group>"; };
		B0FB41DF24EDAEAE00619CD4 /* Assets.xcassets */ = {isa = PBXFileReference; lastKnownFileType = folder.assetcatalog; path = Assets.xcassets; sourceTree = "<group>"; };
		B0FB41E224EDAEAE00619CD4 /* Base */ = {isa = PBXFileReference; lastKnownFileType = file.storyboard; name = Base; path = Base.lproj/LaunchScreen.storyboard; sourceTree = "<group>"; };
		B0FB41E424EDAEAE00619CD4 /* Info.plist */ = {isa = PBXFileReference; lastKnownFileType = text.plist.xml; path = Info.plist; sourceTree = "<group>"; };
		B0FB41E924EDAEAF00619CD4 /* Listed Near MeTests.xctest */ = {isa = PBXFileReference; explicitFileType = wrapper.cfbundle; includeInIndex = 0; path = "Listed Near MeTests.xctest"; sourceTree = BUILT_PRODUCTS_DIR; };
		B0FB41ED24EDAEAF00619CD4 /* Listed_Near_MeTests.swift */ = {isa = PBXFileReference; lastKnownFileType = sourcecode.swift; path = Listed_Near_MeTests.swift; sourceTree = "<group>"; };
		B0FB41EF24EDAEAF00619CD4 /* Info.plist */ = {isa = PBXFileReference; lastKnownFileType = text.plist.xml; path = Info.plist; sourceTree = "<group>"; };
		B0FB41F424EDAEAF00619CD4 /* Listed Near MeUITests.xctest */ = {isa = PBXFileReference; explicitFileType = wrapper.cfbundle; includeInIndex = 0; path = "Listed Near MeUITests.xctest"; sourceTree = BUILT_PRODUCTS_DIR; };
		B0FB41F824EDAEAF00619CD4 /* Listed_Near_MeUITests.swift */ = {isa = PBXFileReference; lastKnownFileType = sourcecode.swift; path = Listed_Near_MeUITests.swift; sourceTree = "<group>"; };
		B0FB41FA24EDAEAF00619CD4 /* Info.plist */ = {isa = PBXFileReference; lastKnownFileType = text.plist.xml; path = Info.plist; sourceTree = "<group>"; };
		B0FB420624EDAFD400619CD4 /* ListingsAPI.swift */ = {isa = PBXFileReference; lastKnownFileType = sourcecode.swift; path = ListingsAPI.swift; sourceTree = "<group>"; };
		B0FB420824EDB00200619CD4 /* Listing.swift */ = {isa = PBXFileReference; lastKnownFileType = sourcecode.swift; path = Listing.swift; sourceTree = "<group>"; };
		B0FB420B24EDB04600619CD4 /* Location.swift */ = {isa = PBXFileReference; lastKnownFileType = sourcecode.swift; path = Location.swift; sourceTree = "<group>"; };
		B0FB420D24EDB06D00619CD4 /* Grade.swift */ = {isa = PBXFileReference; lastKnownFileType = sourcecode.swift; path = Grade.swift; sourceTree = "<group>"; };
/* End PBXFileReference section */

/* Begin PBXFrameworksBuildPhase section */
		B0FB41D024EDAEAC00619CD4 /* Frameworks */ = {
			isa = PBXFrameworksBuildPhase;
			buildActionMask = 2147483647;
			files = (
			);
			runOnlyForDeploymentPostprocessing = 0;
		};
		B0FB41E624EDAEAF00619CD4 /* Frameworks */ = {
			isa = PBXFrameworksBuildPhase;
			buildActionMask = 2147483647;
			files = (
			);
			runOnlyForDeploymentPostprocessing = 0;
		};
		B0FB41F124EDAEAF00619CD4 /* Frameworks */ = {
			isa = PBXFrameworksBuildPhase;
			buildActionMask = 2147483647;
			files = (
			);
			runOnlyForDeploymentPostprocessing = 0;
		};
/* End PBXFrameworksBuildPhase section */

/* Begin PBXGroup section */
		B0AB17D225100A1A00746C3C /* Resources */ = {
			isa = PBXGroup;
			children = (
				B0FB41DF24EDAEAE00619CD4 /* Assets.xcassets */,
				B0FB41DC24EDAEAC00619CD4 /* Main.storyboard */,
				B0FB41E124EDAEAE00619CD4 /* LaunchScreen.storyboard */,
			);
			path = Resources;
			sourceTree = "<group>";
		};
		B0AB17D52513718300746C3C /* Views */ = {
			isa = PBXGroup;
			children = (
				B0AB17CC250FFCF300746C3C /* SearchSuggestionsViewController.swift */,
				B0AB17CE251003B700746C3C /* ListingDetailViewController.swift */,
				B0FB41DA24EDAEAC00619CD4 /* ListingResultsViewController.swift */,
				B0AB17D32512603900746C3C /* ListingTableViewCell.swift */,
			);
			path = Views;
			sourceTree = "<group>";
		};
		B0FB41CA24EDAEAC00619CD4 = {
			isa = PBXGroup;
			children = (
				B0FB41D524EDAEAC00619CD4 /* Listed Near Me */,
				B0FB41EC24EDAEAF00619CD4 /* Listed Near MeTests */,
				B0FB41F724EDAEAF00619CD4 /* Listed Near MeUITests */,
				B0FB41D424EDAEAC00619CD4 /* Products */,
			);
			sourceTree = "<group>";
		};
		B0FB41D424EDAEAC00619CD4 /* Products */ = {
			isa = PBXGroup;
			children = (
				B0FB41D324EDAEAC00619CD4 /* Listed Near Me.app */,
				B0FB41E924EDAEAF00619CD4 /* Listed Near MeTests.xctest */,
				B0FB41F424EDAEAF00619CD4 /* Listed Near MeUITests.xctest */,
			);
			name = Products;
			sourceTree = "<group>";
		};
		B0FB41D524EDAEAC00619CD4 /* Listed Near Me */ = {
			isa = PBXGroup;
			children = (
				B0FB41E424EDAEAE00619CD4 /* Info.plist */,
				B0FB41D624EDAEAC00619CD4 /* AppDelegate.swift */,
				B0FB41D824EDAEAC00619CD4 /* SceneDelegate.swift */,
				B0FB420624EDAFD400619CD4 /* ListingsAPI.swift */,
				B096AFE225139E4B00A9BA58 /* Double+RoundedToPlaces.swift */,
				B096AFE425139E9100A9BA58 /* CLLocationDistance+HumanReadable.swift */,
				B0FB420A24EDB00700619CD4 /* Models */,
				B0AB17D52513718300746C3C /* Views */,
				B0AB17D225100A1A00746C3C /* Resources */,
			);
			path = "Listed Near Me";
			sourceTree = "<group>";
		};
		B0FB41EC24EDAEAF00619CD4 /* Listed Near MeTests */ = {
			isa = PBXGroup;
			children = (
				B0FB41ED24EDAEAF00619CD4 /* Listed_Near_MeTests.swift */,
				B0FB41EF24EDAEAF00619CD4 /* Info.plist */,
			);
			path = "Listed Near MeTests";
			sourceTree = "<group>";
		};
		B0FB41F724EDAEAF00619CD4 /* Listed Near MeUITests */ = {
			isa = PBXGroup;
			children = (
				B0FB41F824EDAEAF00619CD4 /* Listed_Near_MeUITests.swift */,
				B0FB41FA24EDAEAF00619CD4 /* Info.plist */,
			);
			path = "Listed Near MeUITests";
			sourceTree = "<group>";
		};
		B0FB420A24EDB00700619CD4 /* Models */ = {
			isa = PBXGroup;
			children = (
				B0FB420824EDB00200619CD4 /* Listing.swift */,
				B0FB420D24EDB06D00619CD4 /* Grade.swift */,
				B0FB420B24EDB04600619CD4 /* Location.swift */,
			);
			path = Models;
			sourceTree = "<group>";
		};
/* End PBXGroup section */

/* Begin PBXNativeTarget section */
		B0FB41D224EDAEAC00619CD4 /* Listed Near Me */ = {
			isa = PBXNativeTarget;
			buildConfigurationList = B0FB41FD24EDAEAF00619CD4 /* Build configuration list for PBXNativeTarget "Listed Near Me" */;
			buildPhases = (
				B0FB41CF24EDAEAC00619CD4 /* Sources */,
				B0FB41D024EDAEAC00619CD4 /* Frameworks */,
				B0FB41D124EDAEAC00619CD4 /* Resources */,
			);
			buildRules = (
			);
			dependencies = (
			);
			name = "Listed Near Me";
			productName = "Listed Near Me";
			productReference = B0FB41D324EDAEAC00619CD4 /* Listed Near Me.app */;
			productType = "com.apple.product-type.application";
		};
		B0FB41E824EDAEAF00619CD4 /* Listed Near MeTests */ = {
			isa = PBXNativeTarget;
			buildConfigurationList = B0FB420024EDAEAF00619CD4 /* Build configuration list for PBXNativeTarget "Listed Near MeTests" */;
			buildPhases = (
				B0FB41E524EDAEAF00619CD4 /* Sources */,
				B0FB41E624EDAEAF00619CD4 /* Frameworks */,
				B0FB41E724EDAEAF00619CD4 /* Resources */,
			);
			buildRules = (
			);
			dependencies = (
				B0FB41EB24EDAEAF00619CD4 /* PBXTargetDependency */,
			);
			name = "Listed Near MeTests";
			productName = "Listed Near MeTests";
			productReference = B0FB41E924EDAEAF00619CD4 /* Listed Near MeTests.xctest */;
			productType = "com.apple.product-type.bundle.unit-test";
		};
		B0FB41F324EDAEAF00619CD4 /* Listed Near MeUITests */ = {
			isa = PBXNativeTarget;
			buildConfigurationList = B0FB420324EDAEAF00619CD4 /* Build configuration list for PBXNativeTarget "Listed Near MeUITests" */;
			buildPhases = (
				B0FB41F024EDAEAF00619CD4 /* Sources */,
				B0FB41F124EDAEAF00619CD4 /* Frameworks */,
				B0FB41F224EDAEAF00619CD4 /* Resources */,
			);
			buildRules = (
			);
			dependencies = (
				B0FB41F624EDAEAF00619CD4 /* PBXTargetDependency */,
			);
			name = "Listed Near MeUITests";
			productName = "Listed Near MeUITests";
			productReference = B0FB41F424EDAEAF00619CD4 /* Listed Near MeUITests.xctest */;
			productType = "com.apple.product-type.bundle.ui-testing";
		};
/* End PBXNativeTarget section */

/* Begin PBXProject section */
		B0FB41CB24EDAEAC00619CD4 /* Project object */ = {
			isa = PBXProject;
			attributes = {
				LastSwiftUpdateCheck = 1160;
				LastUpgradeCheck = 1160;
				ORGANIZATIONNAME = "Stuart Baker";
				TargetAttributes = {
					B0FB41D224EDAEAC00619CD4 = {
						CreatedOnToolsVersion = 11.6;
					};
					B0FB41E824EDAEAF00619CD4 = {
						CreatedOnToolsVersion = 11.6;
						TestTargetID = B0FB41D224EDAEAC00619CD4;
					};
					B0FB41F324EDAEAF00619CD4 = {
						CreatedOnToolsVersion = 11.6;
						TestTargetID = B0FB41D224EDAEAC00619CD4;
					};
				};
			};
			buildConfigurationList = B0FB41CE24EDAEAC00619CD4 /* Build configuration list for PBXProject "Listed Near Me" */;
			compatibilityVersion = "Xcode 9.3";
			developmentRegion = en;
			hasScannedForEncodings = 0;
			knownRegions = (
				en,
				Base,
			);
			mainGroup = B0FB41CA24EDAEAC00619CD4;
			productRefGroup = B0FB41D424EDAEAC00619CD4 /* Products */;
			projectDirPath = "";
			projectRoot = "";
			targets = (
				B0FB41D224EDAEAC00619CD4 /* Listed Near Me */,
				B0FB41E824EDAEAF00619CD4 /* Listed Near MeTests */,
				B0FB41F324EDAEAF00619CD4 /* Listed Near MeUITests */,
			);
		};
/* End PBXProject section */

/* Begin PBXResourcesBuildPhase section */
		B0FB41D124EDAEAC00619CD4 /* Resources */ = {
			isa = PBXResourcesBuildPhase;
			buildActionMask = 2147483647;
			files = (
				B0FB41E324EDAEAE00619CD4 /* LaunchScreen.storyboard in Resources */,
				B0FB41E024EDAEAE00619CD4 /* Assets.xcassets in Resources */,
				B0FB41DE24EDAEAC00619CD4 /* Main.storyboard in Resources */,
			);
			runOnlyForDeploymentPostprocessing = 0;
		};
		B0FB41E724EDAEAF00619CD4 /* Resources */ = {
			isa = PBXResourcesBuildPhase;
			buildActionMask = 2147483647;
			files = (
			);
			runOnlyForDeploymentPostprocessing = 0;
		};
		B0FB41F224EDAEAF00619CD4 /* Resources */ = {
			isa = PBXResourcesBuildPhase;
			buildActionMask = 2147483647;
			files = (
			);
			runOnlyForDeploymentPostprocessing = 0;
		};
/* End PBXResourcesBuildPhase section */

/* Begin PBXSourcesBuildPhase section */
		B0FB41CF24EDAEAC00619CD4 /* Sources */ = {
			isa = PBXSourcesBuildPhase;
			buildActionMask = 2147483647;
			files = (
				B096AFE525139E9100A9BA58 /* CLLocationDistance+HumanReadable.swift in Sources */,
				B0AB17CF251003B700746C3C /* ListingDetailViewController.swift in Sources */,
				B0FB41DB24EDAEAC00619CD4 /* ListingResultsViewController.swift in Sources */,
				B0AB17D42512603900746C3C /* ListingTableViewCell.swift in Sources */,
				B0AB17CD250FFCF300746C3C /* SearchSuggestionsViewController.swift in Sources */,
				B0FB41D724EDAEAC00619CD4 /* AppDelegate.swift in Sources */,
				B0FB420924EDB00200619CD4 /* Listing.swift in Sources */,
				B0FB420C24EDB04600619CD4 /* Location.swift in Sources */,
				B0FB420E24EDB06D00619CD4 /* Grade.swift in Sources */,
				B096AFE325139E4B00A9BA58 /* Double+RoundedToPlaces.swift in Sources */,
				B0FB420724EDAFD400619CD4 /* ListingsAPI.swift in Sources */,
				B0FB41D924EDAEAC00619CD4 /* SceneDelegate.swift in Sources */,
			);
			runOnlyForDeploymentPostprocessing = 0;
		};
		B0FB41E524EDAEAF00619CD4 /* Sources */ = {
			isa = PBXSourcesBuildPhase;
			buildActionMask = 2147483647;
			files = (
				B0FB41EE24EDAEAF00619CD4 /* Listed_Near_MeTests.swift in Sources */,
			);
			runOnlyForDeploymentPostprocessing = 0;
		};
		B0FB41F024EDAEAF00619CD4 /* Sources */ = {
			isa = PBXSourcesBuildPhase;
			buildActionMask = 2147483647;
			files = (
				B0FB41F924EDAEAF00619CD4 /* Listed_Near_MeUITests.swift in Sources */,
			);
			runOnlyForDeploymentPostprocessing = 0;
		};
/* End PBXSourcesBuildPhase section */

/* Begin PBXTargetDependency section */
		B0FB41EB24EDAEAF00619CD4 /* PBXTargetDependency */ = {
			isa = PBXTargetDependency;
			target = B0FB41D224EDAEAC00619CD4 /* Listed Near Me */;
			targetProxy = B0FB41EA24EDAEAF00619CD4 /* PBXContainerItemProxy */;
		};
		B0FB41F624EDAEAF00619CD4 /* PBXTargetDependency */ = {
			isa = PBXTargetDependency;
			target = B0FB41D224EDAEAC00619CD4 /* Listed Near Me */;
			targetProxy = B0FB41F524EDAEAF00619CD4 /* PBXContainerItemProxy */;
		};
/* End PBXTargetDependency section */

/* Begin PBXVariantGroup section */
		B0FB41DC24EDAEAC00619CD4 /* Main.storyboard */ = {
			isa = PBXVariantGroup;
			children = (
				B0FB41DD24EDAEAC00619CD4 /* Base */,
			);
			name = Main.storyboard;
			sourceTree = "<group>";
		};
		B0FB41E124EDAEAE00619CD4 /* LaunchScreen.storyboard */ = {
			isa = PBXVariantGroup;
			children = (
				B0FB41E224EDAEAE00619CD4 /* Base */,
			);
			name = LaunchScreen.storyboard;
			sourceTree = "<group>";
		};
/* End PBXVariantGroup section */

/* Begin XCBuildConfiguration section */
		B0FB41FB24EDAEAF00619CD4 /* Debug */ = {
			isa = XCBuildConfiguration;
			buildSettings = {
				ALWAYS_SEARCH_USER_PATHS = NO;
				CLANG_ANALYZER_NONNULL = YES;
				CLANG_ANALYZER_NUMBER_OBJECT_CONVERSION = YES_AGGRESSIVE;
				CLANG_CXX_LANGUAGE_STANDARD = "gnu++14";
				CLANG_CXX_LIBRARY = "libc++";
				CLANG_ENABLE_MODULES = YES;
				CLANG_ENABLE_OBJC_ARC = YES;
				CLANG_ENABLE_OBJC_WEAK = YES;
				CLANG_WARN_BLOCK_CAPTURE_AUTORELEASING = YES;
				CLANG_WARN_BOOL_CONVERSION = YES;
				CLANG_WARN_COMMA = YES;
				CLANG_WARN_CONSTANT_CONVERSION = YES;
				CLANG_WARN_DEPRECATED_OBJC_IMPLEMENTATIONS = YES;
				CLANG_WARN_DIRECT_OBJC_ISA_USAGE = YES_ERROR;
				CLANG_WARN_DOCUMENTATION_COMMENTS = YES;
				CLANG_WARN_EMPTY_BODY = YES;
				CLANG_WARN_ENUM_CONVERSION = YES;
				CLANG_WARN_INFINITE_RECURSION = YES;
				CLANG_WARN_INT_CONVERSION = YES;
				CLANG_WARN_NON_LITERAL_NULL_CONVERSION = YES;
				CLANG_WARN_OBJC_IMPLICIT_RETAIN_SELF = YES;
				CLANG_WARN_OBJC_LITERAL_CONVERSION = YES;
				CLANG_WARN_OBJC_ROOT_CLASS = YES_ERROR;
				CLANG_WARN_RANGE_LOOP_ANALYSIS = YES;
				CLANG_WARN_STRICT_PROTOTYPES = YES;
				CLANG_WARN_SUSPICIOUS_MOVE = YES;
				CLANG_WARN_UNGUARDED_AVAILABILITY = YES_AGGRESSIVE;
				CLANG_WARN_UNREACHABLE_CODE = YES;
				CLANG_WARN__DUPLICATE_METHOD_MATCH = YES;
				COPY_PHASE_STRIP = NO;
				DEBUG_INFORMATION_FORMAT = dwarf;
				ENABLE_STRICT_OBJC_MSGSEND = YES;
				ENABLE_TESTABILITY = YES;
				GCC_C_LANGUAGE_STANDARD = gnu11;
				GCC_DYNAMIC_NO_PIC = NO;
				GCC_NO_COMMON_BLOCKS = YES;
				GCC_OPTIMIZATION_LEVEL = 0;
				GCC_PREPROCESSOR_DEFINITIONS = (
					"DEBUG=1",
					"$(inherited)",
				);
				GCC_WARN_64_TO_32_BIT_CONVERSION = YES;
				GCC_WARN_ABOUT_RETURN_TYPE = YES_ERROR;
				GCC_WARN_UNDECLARED_SELECTOR = YES;
				GCC_WARN_UNINITIALIZED_AUTOS = YES_AGGRESSIVE;
				GCC_WARN_UNUSED_FUNCTION = YES;
				GCC_WARN_UNUSED_VARIABLE = YES;
				IPHONEOS_DEPLOYMENT_TARGET = 13.6;
				MTL_ENABLE_DEBUG_INFO = INCLUDE_SOURCE;
				MTL_FAST_MATH = YES;
				ONLY_ACTIVE_ARCH = YES;
				SDKROOT = iphoneos;
				SWIFT_ACTIVE_COMPILATION_CONDITIONS = DEBUG;
				SWIFT_OPTIMIZATION_LEVEL = "-Onone";
			};
			name = Debug;
		};
		B0FB41FC24EDAEAF00619CD4 /* Release */ = {
			isa = XCBuildConfiguration;
			buildSettings = {
				ALWAYS_SEARCH_USER_PATHS = NO;
				CLANG_ANALYZER_NONNULL = YES;
				CLANG_ANALYZER_NUMBER_OBJECT_CONVERSION = YES_AGGRESSIVE;
				CLANG_CXX_LANGUAGE_STANDARD = "gnu++14";
				CLANG_CXX_LIBRARY = "libc++";
				CLANG_ENABLE_MODULES = YES;
				CLANG_ENABLE_OBJC_ARC = YES;
				CLANG_ENABLE_OBJC_WEAK = YES;
				CLANG_WARN_BLOCK_CAPTURE_AUTORELEASING = YES;
				CLANG_WARN_BOOL_CONVERSION = YES;
				CLANG_WARN_COMMA = YES;
				CLANG_WARN_CONSTANT_CONVERSION = YES;
				CLANG_WARN_DEPRECATED_OBJC_IMPLEMENTATIONS = YES;
				CLANG_WARN_DIRECT_OBJC_ISA_USAGE = YES_ERROR;
				CLANG_WARN_DOCUMENTATION_COMMENTS = YES;
				CLANG_WARN_EMPTY_BODY = YES;
				CLANG_WARN_ENUM_CONVERSION = YES;
				CLANG_WARN_INFINITE_RECURSION = YES;
				CLANG_WARN_INT_CONVERSION = YES;
				CLANG_WARN_NON_LITERAL_NULL_CONVERSION = YES;
				CLANG_WARN_OBJC_IMPLICIT_RETAIN_SELF = YES;
				CLANG_WARN_OBJC_LITERAL_CONVERSION = YES;
				CLANG_WARN_OBJC_ROOT_CLASS = YES_ERROR;
				CLANG_WARN_RANGE_LOOP_ANALYSIS = YES;
				CLANG_WARN_STRICT_PROTOTYPES = YES;
				CLANG_WARN_SUSPICIOUS_MOVE = YES;
				CLANG_WARN_UNGUARDED_AVAILABILITY = YES_AGGRESSIVE;
				CLANG_WARN_UNREACHABLE_CODE = YES;
				CLANG_WARN__DUPLICATE_METHOD_MATCH = YES;
				COPY_PHASE_STRIP = NO;
				DEBUG_INFORMATION_FORMAT = "dwarf-with-dsym";
				ENABLE_NS_ASSERTIONS = NO;
				ENABLE_STRICT_OBJC_MSGSEND = YES;
				GCC_C_LANGUAGE_STANDARD = gnu11;
				GCC_NO_COMMON_BLOCKS = YES;
				GCC_WARN_64_TO_32_BIT_CONVERSION = YES;
				GCC_WARN_ABOUT_RETURN_TYPE = YES_ERROR;
				GCC_WARN_UNDECLARED_SELECTOR = YES;
				GCC_WARN_UNINITIALIZED_AUTOS = YES_AGGRESSIVE;
				GCC_WARN_UNUSED_FUNCTION = YES;
				GCC_WARN_UNUSED_VARIABLE = YES;
				IPHONEOS_DEPLOYMENT_TARGET = 13.6;
				MTL_ENABLE_DEBUG_INFO = NO;
				MTL_FAST_MATH = YES;
				SDKROOT = iphoneos;
				SWIFT_COMPILATION_MODE = wholemodule;
				SWIFT_OPTIMIZATION_LEVEL = "-O";
				VALIDATE_PRODUCT = YES;
			};
			name = Release;
		};
		B0FB41FE24EDAEAF00619CD4 /* Debug */ = {
			isa = XCBuildConfiguration;
			buildSettings = {
				ASSETCATALOG_COMPILER_APPICON_NAME = AppIcon;
				CODE_SIGN_STYLE = Automatic;
				INFOPLIST_FILE = "Listed Near Me/Info.plist";
				LD_RUNPATH_SEARCH_PATHS = (
					"$(inherited)",
					"@executable_path/Frameworks",
				);
				PRODUCT_BUNDLE_IDENTIFIER = "xyz.smbkr.Listed-Near-Me";
				PRODUCT_NAME = "$(TARGET_NAME)";
				SWIFT_VERSION = 5.0;
				TARGETED_DEVICE_FAMILY = "1,2";
			};
			name = Debug;
		};
		B0FB41FF24EDAEAF00619CD4 /* Release */ = {
			isa = XCBuildConfiguration;
			buildSettings = {
				ASSETCATALOG_COMPILER_APPICON_NAME = AppIcon;
				CODE_SIGN_STYLE = Automatic;
				INFOPLIST_FILE = "Listed Near Me/Info.plist";
				LD_RUNPATH_SEARCH_PATHS = (
					"$(inherited)",
					"@executable_path/Frameworks",
				);
				PRODUCT_BUNDLE_IDENTIFIER = "xyz.smbkr.Listed-Near-Me";
				PRODUCT_NAME = "$(TARGET_NAME)";
				SWIFT_VERSION = 5.0;
				TARGETED_DEVICE_FAMILY = "1,2";
			};
			name = Release;
		};
		B0FB420124EDAEAF00619CD4 /* Debug */ = {
			isa = XCBuildConfiguration;
			buildSettings = {
				ALWAYS_EMBED_SWIFT_STANDARD_LIBRARIES = YES;
				BUNDLE_LOADER = "$(TEST_HOST)";
				CODE_SIGN_STYLE = Automatic;
				INFOPLIST_FILE = "Listed Near MeTests/Info.plist";
				IPHONEOS_DEPLOYMENT_TARGET = 13.6;
				LD_RUNPATH_SEARCH_PATHS = (
					"$(inherited)",
					"@executable_path/Frameworks",
					"@loader_path/Frameworks",
				);
				PRODUCT_BUNDLE_IDENTIFIER = "xyz.smbkr.Listed-Near-MeTests";
				PRODUCT_NAME = "$(TARGET_NAME)";
				SWIFT_VERSION = 5.0;
				TARGETED_DEVICE_FAMILY = "1,2";
				TEST_HOST = "$(BUILT_PRODUCTS_DIR)/Listed Near Me.app/Listed Near Me";
			};
			name = Debug;
		};
		B0FB420224EDAEAF00619CD4 /* Release */ = {
			isa = XCBuildConfiguration;
			buildSettings = {
				ALWAYS_EMBED_SWIFT_STANDARD_LIBRARIES = YES;
				BUNDLE_LOADER = "$(TEST_HOST)";
				CODE_SIGN_STYLE = Automatic;
				INFOPLIST_FILE = "Listed Near MeTests/Info.plist";
				IPHONEOS_DEPLOYMENT_TARGET = 13.6;
				LD_RUNPATH_SEARCH_PATHS = (
					"$(inherited)",
					"@executable_path/Frameworks",
					"@loader_path/Frameworks",
				);
				PRODUCT_BUNDLE_IDENTIFIER = "xyz.smbkr.Listed-Near-MeTests";
				PRODUCT_NAME = "$(TARGET_NAME)";
				SWIFT_VERSION = 5.0;
				TARGETED_DEVICE_FAMILY = "1,2";
				TEST_HOST = "$(BUILT_PRODUCTS_DIR)/Listed Near Me.app/Listed Near Me";
			};
			name = Release;
		};
		B0FB420424EDAEAF00619CD4 /* Debug */ = {
			isa = XCBuildConfiguration;
			buildSettings = {
				ALWAYS_EMBED_SWIFT_STANDARD_LIBRARIES = YES;
				CODE_SIGN_STYLE = Automatic;
				INFOPLIST_FILE = "Listed Near MeUITests/Info.plist";
				LD_RUNPATH_SEARCH_PATHS = (
					"$(inherited)",
					"@executable_path/Frameworks",
					"@loader_path/Frameworks",
				);
				PRODUCT_BUNDLE_IDENTIFIER = "xyz.smbkr.Listed-Near-MeUITests";
				PRODUCT_NAME = "$(TARGET_NAME)";
				SWIFT_VERSION = 5.0;
				TARGETED_DEVICE_FAMILY = "1,2";
				TEST_TARGET_NAME = "Listed Near Me";
			};
			name = Debug;
		};
		B0FB420524EDAEAF00619CD4 /* Release */ = {
			isa = XCBuildConfiguration;
			buildSettings = {
				ALWAYS_EMBED_SWIFT_STANDARD_LIBRARIES = YES;
				CODE_SIGN_STYLE = Automatic;
				INFOPLIST_FILE = "Listed Near MeUITests/Info.plist";
				LD_RUNPATH_SEARCH_PATHS = (
					"$(inherited)",
					"@executable_path/Frameworks",
					"@loader_path/Frameworks",
				);
				PRODUCT_BUNDLE_IDENTIFIER = "xyz.smbkr.Listed-Near-MeUITests";
				PRODUCT_NAME = "$(TARGET_NAME)";
				SWIFT_VERSION = 5.0;
				TARGETED_DEVICE_FAMILY = "1,2";
				TEST_TARGET_NAME = "Listed Near Me";
			};
			name = Release;
		};
/* End XCBuildConfiguration section */

/* Begin XCConfigurationList section */
		B0FB41CE24EDAEAC00619CD4 /* Build configuration list for PBXProject "Listed Near Me" */ = {
			isa = XCConfigurationList;
			buildConfigurations = (
				B0FB41FB24EDAEAF00619CD4 /* Debug */,
				B0FB41FC24EDAEAF00619CD4 /* Release */,
			);
			defaultConfigurationIsVisible = 0;
			defaultConfigurationName = Release;
		};
		B0FB41FD24EDAEAF00619CD4 /* Build configuration list for PBXNativeTarget "Listed Near Me" */ = {
			isa = XCConfigurationList;
			buildConfigurations = (
				B0FB41FE24EDAEAF00619CD4 /* Debug */,
				B0FB41FF24EDAEAF00619CD4 /* Release */,
			);
			defaultConfigurationIsVisible = 0;
			defaultConfigurationName = Release;
		};
		B0FB420024EDAEAF00619CD4 /* Build configuration list for PBXNativeTarget "Listed Near MeTests" */ = {
			isa = XCConfigurationList;
			buildConfigurations = (
				B0FB420124EDAEAF00619CD4 /* Debug */,
				B0FB420224EDAEAF00619CD4 /* Release */,
			);
			defaultConfigurationIsVisible = 0;
			defaultConfigurationName = Release;
		};
		B0FB420324EDAEAF00619CD4 /* Build configuration list for PBXNativeTarget "Listed Near MeUITests" */ = {
			isa = XCConfigurationList;
			buildConfigurations = (
				B0FB420424EDAEAF00619CD4 /* Debug */,
				B0FB420524EDAEAF00619CD4 /* Release */,
			);
			defaultConfigurationIsVisible = 0;
			defaultConfigurationName = Release;
		};
/* End XCConfigurationList section */
	};
	rootObject = B0FB41CB24EDAEAC00619CD4 /* Project object */;
}
